// !$*UTF8*$!
{
	archiveVersion = 1;
	classes = {
	};
	objectVersion = 50;
	objects = {

/* Begin PBXBuildFile section */
		3DCF2556249CECA800E051E3 /* AppDelegate.swift in Sources */ = {isa = PBXBuildFile; fileRef = 3DCF2555249CECA800E051E3 /* AppDelegate.swift */; };
		3DCF2558249CECA800E051E3 /* SceneDelegate.swift in Sources */ = {isa = PBXBuildFile; fileRef = 3DCF2557249CECA800E051E3 /* SceneDelegate.swift */; };
		3DCF255A249CECA800E051E3 /* DemoViewController.swift in Sources */ = {isa = PBXBuildFile; fileRef = 3DCF2559249CECA800E051E3 /* DemoViewController.swift */; };
		3DCF255D249CECA800E051E3 /* Main.storyboard in Resources */ = {isa = PBXBuildFile; fileRef = 3DCF255B249CECA800E051E3 /* Main.storyboard */; };
		3DCF255F249CECAD00E051E3 /* Assets.xcassets in Resources */ = {isa = PBXBuildFile; fileRef = 3DCF255E249CECAD00E051E3 /* Assets.xcassets */; };
		3DCF2562249CECAD00E051E3 /* LaunchScreen.storyboard in Resources */ = {isa = PBXBuildFile; fileRef = 3DCF2560249CECAD00E051E3 /* LaunchScreen.storyboard */; };
		3DCF256B249D699E00E051E3 /* PageControl.swift in Sources */ = {isa = PBXBuildFile; fileRef = 3DCF256A249D699E00E051E3 /* PageControl.swift */; };
/* End PBXBuildFile section */

/* Begin PBXFileReference section */
		3DCF2552249CECA800E051E3 /* DropPageControl.app */ = {isa = PBXFileReference; explicitFileType = wrapper.application; includeInIndex = 0; path = DropPageControl.app; sourceTree = BUILT_PRODUCTS_DIR; };
		3DCF2555249CECA800E051E3 /* AppDelegate.swift */ = {isa = PBXFileReference; lastKnownFileType = sourcecode.swift; path = AppDelegate.swift; sourceTree = "<group>"; };
		3DCF2557249CECA800E051E3 /* SceneDelegate.swift */ = {isa = PBXFileReference; lastKnownFileType = sourcecode.swift; path = SceneDelegate.swift; sourceTree = "<group>"; };
		3DCF2559249CECA800E051E3 /* DemoViewController.swift */ = {isa = PBXFileReference; lastKnownFileType = sourcecode.swift; path = DemoViewController.swift; sourceTree = "<group>"; };
		3DCF255C249CECA800E051E3 /* Base */ = {isa = PBXFileReference; lastKnownFileType = file.storyboard; name = Base; path = Base.lproj/Main.storyboard; sourceTree = "<group>"; };
		3DCF255E249CECAD00E051E3 /* Assets.xcassets */ = {isa = PBXFileReference; lastKnownFileType = folder.assetcatalog; path = Assets.xcassets; sourceTree = "<group>"; };
		3DCF2561249CECAD00E051E3 /* Base */ = {isa = PBXFileReference; lastKnownFileType = file.storyboard; name = Base; path = Base.lproj/LaunchScreen.storyboard; sourceTree = "<group>"; };
		3DCF2563249CECAD00E051E3 /* Info.plist */ = {isa = PBXFileReference; lastKnownFileType = text.plist.xml; path = Info.plist; sourceTree = "<group>"; };
		3DCF256A249D699E00E051E3 /* PageControl.swift */ = {isa = PBXFileReference; lastKnownFileType = sourcecode.swift; path = PageControl.swift; sourceTree = "<group>"; };
/* End PBXFileReference section */

/* Begin PBXFrameworksBuildPhase section */
		3DCF254F249CECA800E051E3 /* Frameworks */ = {
			isa = PBXFrameworksBuildPhase;
			buildActionMask = 2147483647;
			files = (
			);
			runOnlyForDeploymentPostprocessing = 0;
		};
/* End PBXFrameworksBuildPhase section */

/* Begin PBXGroup section */
		3DCF2549249CECA800E051E3 = {
			isa = PBXGroup;
			children = (
				3DCF2554249CECA800E051E3 /* Sources */,
				3DCF2553249CECA800E051E3 /* Products */,
			);
			sourceTree = "<group>";
		};
		3DCF2553249CECA800E051E3 /* Products */ = {
			isa = PBXGroup;
			children = (
				3DCF2552249CECA800E051E3 /* DropPageControl.app */,
			);
			name = Products;
			sourceTree = "<group>";
		};
		3DCF2554249CECA800E051E3 /* Sources */ = {
			isa = PBXGroup;
			children = (
				3DCF2559249CECA800E051E3 /* DemoViewController.swift */,
				3DCF256A249D699E00E051E3 /* PageControl.swift */,
				3DCF255B249CECA800E051E3 /* Main.storyboard */,
				3DCF2569249D698100E051E3 /* Supporting Files */,
			);
			path = Sources;
			sourceTree = "<group>";
		};
		3DCF2569249D698100E051E3 /* Supporting Files */ = {
			isa = PBXGroup;
			children = (
				3DCF2555249CECA800E051E3 /* AppDelegate.swift */,
				3DCF2557249CECA800E051E3 /* SceneDelegate.swift */,
				3DCF255E249CECAD00E051E3 /* Assets.xcassets */,
				3DCF2560249CECAD00E051E3 /* LaunchScreen.storyboard */,
				3DCF2563249CECAD00E051E3 /* Info.plist */,
			);
			path = "Supporting Files";
			sourceTree = "<group>";
		};
/* End PBXGroup section */

/* Begin PBXNativeTarget section */
		3DCF2551249CECA800E051E3 /* DropPageControl */ = {
			isa = PBXNativeTarget;
			buildConfigurationList = 3DCF2566249CECAD00E051E3 /* Build configuration list for PBXNativeTarget "DropPageControl" */;
			buildPhases = (
				3DCF254E249CECA800E051E3 /* Sources */,
				3DCF254F249CECA800E051E3 /* Frameworks */,
				3DCF2550249CECA800E051E3 /* Resources */,
			);
			buildRules = (
			);
			dependencies = (
			);
			name = DropPageControl;
			productName = test;
			productReference = 3DCF2552249CECA800E051E3 /* DropPageControl.app */;
			productType = "com.apple.product-type.application";
		};
/* End PBXNativeTarget section */

/* Begin PBXProject section */
		3DCF254A249CECA800E051E3 /* Project object */ = {
			isa = PBXProject;
			attributes = {
				LastSwiftUpdateCheck = 1150;
				LastUpgradeCheck = 1150;
				ORGANIZATIONNAME = "Jan Gaebel";
				TargetAttributes = {
					3DCF2551249CECA800E051E3 = {
						CreatedOnToolsVersion = 11.5;
					};
				};
			};
			buildConfigurationList = 3DCF254D249CECA800E051E3 /* Build configuration list for PBXProject "DropPageControl" */;
			compatibilityVersion = "Xcode 9.3";
			developmentRegion = en;
			hasScannedForEncodings = 0;
			knownRegions = (
				en,
				Base,
			);
			mainGroup = 3DCF2549249CECA800E051E3;
			productRefGroup = 3DCF2553249CECA800E051E3 /* Products */;
			projectDirPath = "";
			projectRoot = "";
			targets = (
				3DCF2551249CECA800E051E3 /* DropPageControl */,
			);
		};
/* End PBXProject section */

/* Begin PBXResourcesBuildPhase section */
		3DCF2550249CECA800E051E3 /* Resources */ = {
			isa = PBXResourcesBuildPhase;
			buildActionMask = 2147483647;
			files = (
				3DCF2562249CECAD00E051E3 /* LaunchScreen.storyboard in Resources */,
				3DCF255F249CECAD00E051E3 /* Assets.xcassets in Resources */,
				3DCF255D249CECA800E051E3 /* Main.storyboard in Resources */,
			);
			runOnlyForDeploymentPostprocessing = 0;
		};
/* End PBXResourcesBuildPhase section */

/* Begin PBXSourcesBuildPhase section */
		3DCF254E249CECA800E051E3 /* Sources */ = {
			isa = PBXSourcesBuildPhase;
			buildActionMask = 2147483647;
			files = (
				3DCF255A249CECA800E051E3 /* DemoViewController.swift in Sources */,
				3DCF2556249CECA800E051E3 /* AppDelegate.swift in Sources */,
				3DCF256B249D699E00E051E3 /* PageControl.swift in Sources */,
				3DCF2558249CECA800E051E3 /* SceneDelegate.swift in Sources */,
			);
			runOnlyForDeploymentPostprocessing = 0;
		};
/* End PBXSourcesBuildPhase section */

/* Begin PBXVariantGroup section */
		3DCF255B249CECA800E051E3 /* Main.storyboard */ = {
			isa = PBXVariantGroup;
			children = (
				3DCF255C249CECA800E051E3 /* Base */,
			);
			name = Main.storyboard;
			sourceTree = "<group>";
		};
		3DCF2560249CECAD00E051E3 /* LaunchScreen.storyboard */ = {
			isa = PBXVariantGroup;
			children = (
				3DCF2561249CECAD00E051E3 /* Base */,
			);
			name = LaunchScreen.storyboard;
			sourceTree = "<group>";
		};
/* End PBXVariantGroup section */

/* Begin XCBuildConfiguration section */
		3DCF2564249CECAD00E051E3 /* Debug */ = {
			isa = XCBuildConfiguration;
			buildSettings = {
				ALWAYS_SEARCH_USER_PATHS = NO;
				CLANG_ANALYZER_NONNULL = YES;
				CLANG_ANALYZER_NUMBER_OBJECT_CONVERSION = YES_AGGRESSIVE;
				CLANG_CXX_LANGUAGE_STANDARD = "gnu++14";
				CLANG_CXX_LIBRARY = "libc++";
				CLANG_ENABLE_MODULES = YES;
				CLANG_ENABLE_OBJC_ARC = YES;
				CLANG_ENABLE_OBJC_WEAK = YES;
				CLANG_WARN_BLOCK_CAPTURE_AUTORELEASING = YES;
				CLANG_WARN_BOOL_CONVERSION = YES;
				CLANG_WARN_COMMA = YES;
				CLANG_WARN_CONSTANT_CONVERSION = YES;
				CLANG_WARN_DEPRECATED_OBJC_IMPLEMENTATIONS = YES;
				CLANG_WARN_DIRECT_OBJC_ISA_USAGE = YES_ERROR;
				CLANG_WARN_DOCUMENTATION_COMMENTS = YES;
				CLANG_WARN_EMPTY_BODY = YES;
				CLANG_WARN_ENUM_CONVERSION = YES;
				CLANG_WARN_INFINITE_RECURSION = YES;
				CLANG_WARN_INT_CONVERSION = YES;
				CLANG_WARN_NON_LITERAL_NULL_CONVERSION = YES;
				CLANG_WARN_OBJC_IMPLICIT_RETAIN_SELF = YES;
				CLANG_WARN_OBJC_LITERAL_CONVERSION = YES;
				CLANG_WARN_OBJC_ROOT_CLASS = YES_ERROR;
				CLANG_WARN_RANGE_LOOP_ANALYSIS = YES;
				CLANG_WARN_STRICT_PROTOTYPES = YES;
				CLANG_WARN_SUSPICIOUS_MOVE = YES;
				CLANG_WARN_UNGUARDED_AVAILABILITY = YES_AGGRESSIVE;
				CLANG_WARN_UNREACHABLE_CODE = YES;
				CLANG_WARN__DUPLICATE_METHOD_MATCH = YES;
				COPY_PHASE_STRIP = NO;
				DEBUG_INFORMATION_FORMAT = dwarf;
				ENABLE_STRICT_OBJC_MSGSEND = YES;
				ENABLE_TESTABILITY = YES;
				GCC_C_LANGUAGE_STANDARD = gnu11;
				GCC_DYNAMIC_NO_PIC = NO;
				GCC_NO_COMMON_BLOCKS = YES;
				GCC_OPTIMIZATION_LEVEL = 0;
				GCC_PREPROCESSOR_DEFINITIONS = (
					"DEBUG=1",
					"$(inherited)",
				);
				GCC_WARN_64_TO_32_BIT_CONVERSION = YES;
				GCC_WARN_ABOUT_RETURN_TYPE = YES_ERROR;
				GCC_WARN_UNDECLARED_SELECTOR = YES;
				GCC_WARN_UNINITIALIZED_AUTOS = YES_AGGRESSIVE;
				GCC_WARN_UNUSED_FUNCTION = YES;
				GCC_WARN_UNUSED_VARIABLE = YES;
				IPHONEOS_DEPLOYMENT_TARGET = 13.5;
				MTL_ENABLE_DEBUG_INFO = INCLUDE_SOURCE;
				MTL_FAST_MATH = YES;
				ONLY_ACTIVE_ARCH = YES;
				SDKROOT = iphoneos;
				SWIFT_ACTIVE_COMPILATION_CONDITIONS = DEBUG;
				SWIFT_OPTIMIZATION_LEVEL = "-Onone";
			};
			name = Debug;
		};
		3DCF2565249CECAD00E051E3 /* Release */ = {
			isa = XCBuildConfiguration;
			buildSettings = {
				ALWAYS_SEARCH_USER_PATHS = NO;
				CLANG_ANALYZER_NONNULL = YES;
				CLANG_ANALYZER_NUMBER_OBJECT_CONVERSION = YES_AGGRESSIVE;
				CLANG_CXX_LANGUAGE_STANDARD = "gnu++14";
				CLANG_CXX_LIBRARY = "libc++";
				CLANG_ENABLE_MODULES = YES;
				CLANG_ENABLE_OBJC_ARC = YES;
				CLANG_ENABLE_OBJC_WEAK = YES;
				CLANG_WARN_BLOCK_CAPTURE_AUTORELEASING = YES;
				CLANG_WARN_BOOL_CONVERSION = YES;
				CLANG_WARN_COMMA = YES;
				CLANG_WARN_CONSTANT_CONVERSION = YES;
				CLANG_WARN_DEPRECATED_OBJC_IMPLEMENTATIONS = YES;
				CLANG_WARN_DIRECT_OBJC_ISA_USAGE = YES_ERROR;
				CLANG_WARN_DOCUMENTATION_COMMENTS = YES;
				CLANG_WARN_EMPTY_BODY = YES;
				CLANG_WARN_ENUM_CONVERSION = YES;
				CLANG_WARN_INFINITE_RECURSION = YES;
				CLANG_WARN_INT_CONVERSION = YES;
				CLANG_WARN_NON_LITERAL_NULL_CONVERSION = YES;
				CLANG_WARN_OBJC_IMPLICIT_RETAIN_SELF = YES;
				CLANG_WARN_OBJC_LITERAL_CONVERSION = YES;
				CLANG_WARN_OBJC_ROOT_CLASS = YES_ERROR;
				CLANG_WARN_RANGE_LOOP_ANALYSIS = YES;
				CLANG_WARN_STRICT_PROTOTYPES = YES;
				CLANG_WARN_SUSPICIOUS_MOVE = YES;
				CLANG_WARN_UNGUARDED_AVAILABILITY = YES_AGGRESSIVE;
				CLANG_WARN_UNREACHABLE_CODE = YES;
				CLANG_WARN__DUPLICATE_METHOD_MATCH = YES;
				COPY_PHASE_STRIP = NO;
				DEBUG_INFORMATION_FORMAT = "dwarf-with-dsym";
				ENABLE_NS_ASSERTIONS = NO;
				ENABLE_STRICT_OBJC_MSGSEND = YES;
				GCC_C_LANGUAGE_STANDARD = gnu11;
				GCC_NO_COMMON_BLOCKS = YES;
				GCC_WARN_64_TO_32_BIT_CONVERSION = YES;
				GCC_WARN_ABOUT_RETURN_TYPE = YES_ERROR;
				GCC_WARN_UNDECLARED_SELECTOR = YES;
				GCC_WARN_UNINITIALIZED_AUTOS = YES_AGGRESSIVE;
				GCC_WARN_UNUSED_FUNCTION = YES;
				GCC_WARN_UNUSED_VARIABLE = YES;
				IPHONEOS_DEPLOYMENT_TARGET = 13.5;
				MTL_ENABLE_DEBUG_INFO = NO;
				MTL_FAST_MATH = YES;
				SDKROOT = iphoneos;
				SWIFT_COMPILATION_MODE = wholemodule;
				SWIFT_OPTIMIZATION_LEVEL = "-O";
				VALIDATE_PRODUCT = YES;
			};
			name = Release;
		};
		3DCF2567249CECAD00E051E3 /* Debug */ = {
			isa = XCBuildConfiguration;
			buildSettings = {
				ASSETCATALOG_COMPILER_APPICON_NAME = AppIcon;
				CODE_SIGN_STYLE = Automatic;
				DEVELOPMENT_TEAM = XPM4TCG6P8;
				INFOPLIST_FILE = "Sources/Supporting Files/Info.plist";
				LD_RUNPATH_SEARCH_PATHS = (
					"$(inherited)",
					"@executable_path/Frameworks",
				);
				PRODUCT_BUNDLE_IDENTIFIER = dev.gaebel.test;
				PRODUCT_NAME = "$(TARGET_NAME)";
				SWIFT_VERSION = 5.0;
				TARGETED_DEVICE_FAMILY = 1;
			};
			name = Debug;
		};
		3DCF2568249CECAD00E051E3 /* Release */ = {
			isa = XCBuildConfiguration;
			buildSettings = {
				ASSETCATALOG_COMPILER_APPICON_NAME = AppIcon;
				CODE_SIGN_STYLE = Automatic;
				DEVELOPMENT_TEAM = XPM4TCG6P8;
				INFOPLIST_FILE = "Sources/Supporting Files/Info.plist";
				LD_RUNPATH_SEARCH_PATHS = (
					"$(inherited)",
					"@executable_path/Frameworks",
				);
				PRODUCT_BUNDLE_IDENTIFIER = dev.gaebel.test;
				PRODUCT_NAME = "$(TARGET_NAME)";
				SWIFT_VERSION = 5.0;
				TARGETED_DEVICE_FAMILY = 1;
			};
			name = Release;
		};
/* End XCBuildConfiguration section */

/* Begin XCConfigurationList section */
		3DCF254D249CECA800E051E3 /* Build configuration list for PBXProject "DropPageControl" */ = {
			isa = XCConfigurationList;
			buildConfigurations = (
				3DCF2564249CECAD00E051E3 /* Debug */,
				3DCF2565249CECAD00E051E3 /* Release */,
			);
			defaultConfigurationIsVisible = 0;
			defaultConfigurationName = Release;
		};
		3DCF2566249CECAD00E051E3 /* Build configuration list for PBXNativeTarget "DropPageControl" */ = {
			isa = XCConfigurationList;
			buildConfigurations = (
				3DCF2567249CECAD00E051E3 /* Debug */,
				3DCF2568249CECAD00E051E3 /* Release */,
			);
			defaultConfigurationIsVisible = 0;
			defaultConfigurationName = Release;
		};
/* End XCConfigurationList section */
	};
	rootObject = 3DCF254A249CECA800E051E3 /* Project object */;
}
